// !$*UTF8*$!
{
	archiveVersion = 1;
	classes = {
	};
	objectVersion = 46;
	objects = {

/* Begin PBXBuildFile section */
		8F7B93455B1447D4056A403E /* Main.storyboard in Resources */ = {isa = PBXBuildFile; fileRef = 8F7B92A036B6C6F1CA0DC0F5 /* Main.storyboard */; };
		8F7B93BA3C00D86DDA3FCD75 /* LaunchScreen.storyboard in Resources */ = {isa = PBXBuildFile; fileRef = 8F7B9A4BEB36EAC2BC757FC8 /* LaunchScreen.storyboard */; };
		8F7B956631CC800CA7C8517D /* Assets.xcassets in Resources */ = {isa = PBXBuildFile; fileRef = 8F7B9D0F7BFD8FBA198563D1 /* Assets.xcassets */; };
		8F7B992DF17D0A4E6828C4CC /* AppDelegate.swift in Sources */ = {isa = PBXBuildFile; fileRef = 8F7B9B9663DF8B682E59EA65 /* AppDelegate.swift */; };
		8F7B9941A6F015670C1CF9ED /* ViewController.swift in Sources */ = {isa = PBXBuildFile; fileRef = 8F7B98E0B728017D004B79D4 /* ViewController.swift */; };
/* End PBXBuildFile section */

/* Begin PBXFileReference section */
		8F7B91658F2D725F9AF87924 /* Info.plist */ = {isa = PBXFileReference; lastKnownFileType = text.plist.info; path = Info.plist; sourceTree = "<group>"; };
		8F7B931CE2C1908297B4C7C7 /* Base */ = {isa = PBXFileReference; lastKnownFileType = file.storyboard; name = Base; path = Base.lproj/LaunchScreen.storyboard; sourceTree = "<group>"; };
		8F7B95EF3123F68178B33BDE /* Base */ = {isa = PBXFileReference; lastKnownFileType = file.storyboard; name = Base; path = Base.lproj/Main.storyboard; sourceTree = "<group>"; };
		8F7B98E0B728017D004B79D4 /* ViewController.swift */ = {isa = PBXFileReference; lastKnownFileType = sourcecode.swift; path = ViewController.swift; sourceTree = "<group>"; };
		8F7B9B9663DF8B682E59EA65 /* AppDelegate.swift */ = {isa = PBXFileReference; lastKnownFileType = sourcecode.swift; path = AppDelegate.swift; sourceTree = "<group>"; };
		8F7B9BE6E2172EA36125CA01 /* simplecalc-ios.app */ = {isa = PBXFileReference; explicitFileType = wrapper.application; includeInIndex = 0; path = "simplecalc-ios.app"; sourceTree = BUILT_PRODUCTS_DIR; };
		8F7B9D0F7BFD8FBA198563D1 /* Assets.xcassets */ = {isa = PBXFileReference; lastKnownFileType = folder.assetcatalog; path = Assets.xcassets; sourceTree = "<group>"; };
/* End PBXFileReference section */

/* Begin PBXFrameworksBuildPhase section */
		8F7B9AEDBC9649A5B2BD95F2 /* Frameworks */ = {
			isa = PBXFrameworksBuildPhase;
			buildActionMask = 2147483647;
			files = (
			);
			runOnlyForDeploymentPostprocessing = 0;
		};
/* End PBXFrameworksBuildPhase section */

/* Begin PBXGroup section */
		8F7B9493D2D8DF479B9FF964 = {
			isa = PBXGroup;
			children = (
				8F7B9677CCF736D346B63B2E /* Products */,
				8F7B9D80E2DA501810DAB2E2 /* simplecalc-ios */,
			);
			sourceTree = "<group>";
		};
		8F7B9677CCF736D346B63B2E /* Products */ = {
			isa = PBXGroup;
			children = (
				8F7B9BE6E2172EA36125CA01 /* simplecalc-ios.app */,
			);
			name = Products;
			sourceTree = "<group>";
		};
		8F7B9D80E2DA501810DAB2E2 /* simplecalc-ios */ = {
			isa = PBXGroup;
			children = (
				8F7B91658F2D725F9AF87924 /* Info.plist */,
				8F7B9D0F7BFD8FBA198563D1 /* Assets.xcassets */,
				8F7B9A4BEB36EAC2BC757FC8 /* LaunchScreen.storyboard */,
				8F7B9B9663DF8B682E59EA65 /* AppDelegate.swift */,
				8F7B92A036B6C6F1CA0DC0F5 /* Main.storyboard */,
				8F7B98E0B728017D004B79D4 /* ViewController.swift */,
			);
			path = "simplecalc-ios";
			sourceTree = "<group>";
		};
/* End PBXGroup section */

/* Begin PBXNativeTarget section */
		8F7B90B48FA5650A3A7AB427 /* simplecalc-ios */ = {
			isa = PBXNativeTarget;
			buildConfigurationList = 8F7B975A4364476319ED8887 /* Build configuration list for PBXNativeTarget "simplecalc-ios" */;
			buildPhases = (
				8F7B9C96DCDE327DB1C1D89A /* Sources */,
				8F7B9AEDBC9649A5B2BD95F2 /* Frameworks */,
				8F7B95BB2D18277D003AA2A5 /* Resources */,
			);
			buildRules = (
			);
			dependencies = (
			);
			name = "simplecalc-ios";
			productName = "simplecalc-ios";
			productReference = 8F7B9BE6E2172EA36125CA01 /* simplecalc-ios.app */;
			productType = "com.apple.product-type.application";
		};
/* End PBXNativeTarget section */

/* Begin PBXProject section */
		8F7B9A3E0F5E792680480B00 /* Project object */ = {
			isa = PBXProject;
			attributes = {
				ORGANIZATIONNAME = "ischool-uw";
			};
			buildConfigurationList = 8F7B90961F653B084FF90E2B /* Build configuration list for PBXProject "simplecalc-ios" */;
			compatibilityVersion = "Xcode 3.2";
			developmentRegion = English;
			hasScannedForEncodings = 0;
			knownRegions = (
				en,
			);
			mainGroup = 8F7B9493D2D8DF479B9FF964;
			productRefGroup = 8F7B9677CCF736D346B63B2E /* Products */;
			projectDirPath = "";
			projectRoot = "";
			targets = (
				8F7B90B48FA5650A3A7AB427 /* simplecalc-ios */,
			);
		};
/* End PBXProject section */

/* Begin PBXResourcesBuildPhase section */
		8F7B95BB2D18277D003AA2A5 /* Resources */ = {
			isa = PBXResourcesBuildPhase;
			buildActionMask = 2147483647;
			files = (
				8F7B956631CC800CA7C8517D /* Assets.xcassets in Resources */,
				8F7B93BA3C00D86DDA3FCD75 /* LaunchScreen.storyboard in Resources */,
				8F7B93455B1447D4056A403E /* Main.storyboard in Resources */,
			);
			runOnlyForDeploymentPostprocessing = 0;
		};
/* End PBXResourcesBuildPhase section */

/* Begin PBXSourcesBuildPhase section */
		8F7B9C96DCDE327DB1C1D89A /* Sources */ = {
			isa = PBXSourcesBuildPhase;
			buildActionMask = 2147483647;
			files = (
				8F7B992DF17D0A4E6828C4CC /* AppDelegate.swift in Sources */,
				8F7B9941A6F015670C1CF9ED /* ViewController.swift in Sources */,
			);
			runOnlyForDeploymentPostprocessing = 0;
		};
/* End PBXSourcesBuildPhase section */

/* Begin PBXVariantGroup section */
		8F7B92A036B6C6F1CA0DC0F5 /* Main.storyboard */ = {
			isa = PBXVariantGroup;
			children = (
				8F7B95EF3123F68178B33BDE /* Base */,
			);
			name = Main.storyboard;
			sourceTree = "<group>";
		};
		8F7B9A4BEB36EAC2BC757FC8 /* LaunchScreen.storyboard */ = {
			isa = PBXVariantGroup;
			children = (
				8F7B931CE2C1908297B4C7C7 /* Base */,
			);
			name = LaunchScreen.storyboard;
			sourceTree = "<group>";
		};
/* End PBXVariantGroup section */

/* Begin XCBuildConfiguration section */
		8F7B955EFCC4A29D9A7CE562 /* Debug */ = {
			isa = XCBuildConfiguration;
			buildSettings = {
				ASSETCATALOG_COMPILER_APPICON_NAME = AppIcon;
				INFOPLIST_FILE = "simplecalc-ios/Info.plist";
				LD_RUNPATH_SEARCH_PATHS = "$(inherited) @executable_path/Frameworks";
				PRODUCT_BUNDLE_IDENTIFIER = "github.chelsea1129.simplecalc-ios";
				PRODUCT_NAME = "$(TARGET_NAME)";
				SWIFT_VERSION = 4.0;
				TARGETED_DEVICE_FAMILY = "1,2";
			};
			name = Debug;
		};
		8F7B9724326999433DDD8F92 /* Release */ = {
			isa = XCBuildConfiguration;
			buildSettings = {
				ALWAYS_SEARCH_USER_PATHS = NO;
				CLANG_ANALYZER_NONNULL = YES;
				CLANG_ANALYZER_NUMBER_OBJECT_CONVERSION = YES_AGGRESSIVE;
				CLANG_CXX_LANGUAGE_STANDARD = "gnu++14";
				CLANG_CXX_LIBRARY = "libc++";
				CLANG_ENABLE_MODULES = YES;
				CLANG_ENABLE_OBJC_ARC = YES;
				CLANG_WARN_BLOCK_CAPTURE_AUTORELEASING = YES;
				CLANG_WARN_BOOL_CONVERSION = YES;
				CLANG_WARN_COMMA = YES;
				CLANG_WARN_CONSTANT_CONVERSION = YES;
				CLANG_WARN_DIRECT_OBJC_ISA_USAGE = YES_ERROR;
				CLANG_WARN_DOCUMENTATION_COMMENTS = YES;
				CLANG_WARN_EMPTY_BODY = YES;
				CLANG_WARN_ENUM_CONVERSION = YES;
				CLANG_WARN_INFINITE_RECURSION = YES;
				CLANG_WARN_INT_CONVERSION = YES;
				CLANG_WARN_NON_LITERAL_NULL_CONVERSION = YES;
				CLANG_WARN_OBJC_LITERAL_CONVERSION = YES;
				CLANG_WARN_OBJC_ROOT_CLASS = YES_ERROR;
				CLANG_WARN_RANGE_LOOP_ANALYSIS = YES;
				CLANG_WARN_STRICT_PROTOTYPES = YES;
				CLANG_WARN_SUSPICIOUS_MOVE = YES;
				CLANG_WARN_UNGUARDED_AVAILABILITY = YES_AGGRESSIVE;
				CLANG_WARN_UNREACHABLE_CODE = YES;
				CLANG_WARN__DUPLICATE_METHOD_MATCH = YES;
				CODE_SIGN_IDENTITY = "iPhone Developer";
				COPY_PHASE_STRIP = NO;
				DEBUG_INFORMATION_FORMAT = "dwarf-with-dsym";
				ENABLE_NS_ASSERTIONS = NO;
				ENABLE_STRICT_OBJC_MSGSEND = YES;
				GCC_C_LANGUAGE_STANDARD = gnu11;
				GCC_NO_COMMON_BLOCKS = YES;
				GCC_WARN_64_TO_32_BIT_CONVERSION = YES;
				GCC_WARN_ABOUT_RETURN_TYPE = YES_ERROR;
				GCC_WARN_UNDECLARED_SELECTOR = YES;
				GCC_WARN_UNINITIALIZED_AUTOS = YES_AGGRESSIVE;
				GCC_WARN_UNUSED_FUNCTION = YES;
				GCC_WARN_UNUSED_VARIABLE = YES;
				IPHONEOS_DEPLOYMENT_TARGET = 11.2;
				MTL_ENABLE_DEBUG_INFO = NO;
				SDKROOT = iphoneos;
				SWIFT_OPTIMIZATION_LEVEL = "-Owholemodule";
				VALIDATE_PRODUCT = YES;
			};
			name = Release;
		};
		8F7B9CC274C673BA95EF0517 /* Release */ = {
			isa = XCBuildConfiguration;
			buildSettings = {
				ASSETCATALOG_COMPILER_APPICON_NAME = AppIcon;
				INFOPLIST_FILE = "simplecalc-ios/Info.plist";
				LD_RUNPATH_SEARCH_PATHS = "$(inherited) @executable_path/Frameworks";
				PRODUCT_BUNDLE_IDENTIFIER = "github.chelsea1129.simplecalc-ios";
				PRODUCT_NAME = "$(TARGET_NAME)";
				SWIFT_VERSION = 4.0;
				TARGETED_DEVICE_FAMILY = "1,2";
			};
			name = Release;
		};
		8F7B9CD5B90C756192EF703C /* Debug */ = {
			isa = XCBuildConfiguration;
			buildSettings = {
				ALWAYS_SEARCH_USER_PATHS = NO;
				CLANG_ANALYZER_NONNULL = YES;
				CLANG_ANALYZER_NUMBER_OBJECT_CONVERSION = YES_AGGRESSIVE;
				CLANG_CXX_LANGUAGE_STANDARD = "gnu++14";
				CLANG_CXX_LIBRARY = "libc++";
				CLANG_ENABLE_MODULES = YES;
				CLANG_ENABLE_OBJC_ARC = YES;
				CLANG_WARN_BLOCK_CAPTURE_AUTORELEASING = YES;
				CLANG_WARN_BOOL_CONVERSION = YES;
				CLANG_WARN_COMMA = YES;
				CLANG_WARN_CONSTANT_CONVERSION = YES;
				CLANG_WARN_DIRECT_OBJC_ISA_USAGE = YES_ERROR;
				CLANG_WARN_DOCUMENTATION_COMMENTS = YES;
				CLANG_WARN_EMPTY_BODY = YES;
				CLANG_WARN_ENUM_CONVERSION = YES;
				CLANG_WARN_INFINITE_RECURSION = YES;
				CLANG_WARN_INT_CONVERSION = YES;
				CLANG_WARN_NON_LITERAL_NULL_CONVERSION = YES;
				CLANG_WARN_OBJC_LITERAL_CONVERSION = YES;
				CLANG_WARN_OBJC_ROOT_CLASS = YES_ERROR;
				CLANG_WARN_RANGE_LOOP_ANALYSIS = YES;
				CLANG_WARN_STRICT_PROTOTYPES = YES;
				CLANG_WARN_SUSPICIOUS_MOVE = YES;
				CLANG_WARN_UNGUARDED_AVAILABILITY = YES_AGGRESSIVE;
				CLANG_WARN_UNREACHABLE_CODE = YES;
				CLANG_WARN__DUPLICATE_METHOD_MATCH = YES;
				CODE_SIGN_IDENTITY = "iPhone Developer";
				COPY_PHASE_STRIP = NO;
				DEBUG_INFORMATION_FORMAT = dwarf;
				ENABLE_STRICT_OBJC_MSGSEND = YES;
				ENABLE_TESTABILITY = YES;
				GCC_C_LANGUAGE_STANDARD = gnu11;
				GCC_DYNAMIC_NO_PIC = NO;
				GCC_NO_COMMON_BLOCKS = YES;
				GCC_OPTIMIZATION_LEVEL = 0;
				GCC_PREPROCESSOR_DEFINITIONS = (
					"DEBUG=1",
					"$(inherited)",
				);
				GCC_WARN_64_TO_32_BIT_CONVERSION = YES;
				GCC_WARN_ABOUT_RETURN_TYPE = YES_ERROR;
				GCC_WARN_UNDECLARED_SELECTOR = YES;
				GCC_WARN_UNINITIALIZED_AUTOS = YES_AGGRESSIVE;
				GCC_WARN_UNUSED_FUNCTION = YES;
				GCC_WARN_UNUSED_VARIABLE = YES;
				IPHONEOS_DEPLOYMENT_TARGET = 11.2;
				MTL_ENABLE_DEBUG_INFO = YES;
				ONLY_ACTIVE_ARCH = YES;
				SDKROOT = iphoneos;
				SWIFT_ACTIVE_COMPILATION_CONDITIONS = DEBUG;
				SWIFT_OPTIMIZATION_LEVEL = "-Onone";
			};
			name = Debug;
		};
/* End XCBuildConfiguration section */

/* Begin XCConfigurationList section */
		8F7B90961F653B084FF90E2B /* Build configuration list for PBXProject "simplecalc-ios" */ = {
			isa = XCConfigurationList;
			buildConfigurations = (
				8F7B9CD5B90C756192EF703C /* Debug */,
				8F7B9724326999433DDD8F92 /* Release */,
			);
			defaultConfigurationIsVisible = 0;
			defaultConfigurationName = Release;
		};
		8F7B975A4364476319ED8887 /* Build configuration list for PBXNativeTarget "simplecalc-ios" */ = {
			isa = XCConfigurationList;
			buildConfigurations = (
				8F7B955EFCC4A29D9A7CE562 /* Debug */,
				8F7B9CC274C673BA95EF0517 /* Release */,
			);
			defaultConfigurationIsVisible = 0;
		};
/* End XCConfigurationList section */
	};
	rootObject = 8F7B9A3E0F5E792680480B00 /* Project object */;
}
