<?xml version="1.0" encoding="UTF-8"?>
<Scheme
   version = "1.3">
   <BuildAction>
      <BuildActionEntries>
         <BuildActionEntry
            buildForRunning = "YES">
            <BuildableReference
               BuildableIdentifier = "primary"
               BlueprintIdentifier = "8F7B90B48FA5650A3A7AB427"
               BuildableName = "simplecalc-ios.app"
               BlueprintName = "simplecalc-ios"
               ReferencedContainer = "container:simplecalc-ios.xcodeproj">
            </BuildableReference>
         </BuildActionEntry>
      </BuildActionEntries>
   </BuildAction>
   <LaunchAction
      useCustomWorkingDirectory = "NO"
      buildConfiguration = "Debug">
      <BuildableProductRunnable>
         <BuildableReference
            BuildableIdentifier = "primary"
            BlueprintIdentifier = "8F7B90B48FA5650A3A7AB427"
            BuildableName = "simplecalc-ios.app"
            BlueprintName = "simplecalc-ios"
            ReferencedContainer = "container:simplecalc-ios.xcodeproj">
         </BuildableReference>
      </BuildableProductRunnable>
   </LaunchAction>
</Scheme>
